
Microsoft Visual Studio Solution File, Format Version 12.00
# Visual Studio Version 17
VisualStudioVersion = 17.1.32319.34
MinimumVisualStudioVersion = 10.0.40219.1
Project("{9A19103F-16F7-4668-BE54-9A1E7A4F7556}") = "GingerPACTPluginCommon", "GingerPACTPluginCommon\GingerPACTPluginCommon.csproj", "{F9BBBCD4-BA0D-47C8-8493-E85AF30F1E54}"
EndProject
Project("{9A19103F-16F7-4668-BE54-9A1E7A4F7556}") = "GingerPACTPluginUI", "GingerPACTPluginUI\GingerPACTPluginUI.csproj", "{B6C8C678-429D-437D-8D8D-48B3A52964EA}"
EndProject
Project("{9A19103F-16F7-4668-BE54-9A1E7A4F7556}") = "GingerPACTPluginUITest", "GingerPACTPluginUITest\GingerPACTPluginUITest.csproj", "{351E1139-3C4F-48EE-B0C3-BEE47BAB2FED}"
EndProject
Project("{9A19103F-16F7-4668-BE54-9A1E7A4F7556}") = "GingerPACTPluginConsole", "GingerPACTPluginConsole\GingerPACTPluginConsole.csproj", "{9D41E7CB-FE58-4EC1-8579-1A3EC14CAE56}"
EndProject
Project("{9A19103F-16F7-4668-BE54-9A1E7A4F7556}") = "GingerPACTPluginTest", "GingerPACTPluginTest\GingerPACTPluginTest.csproj", "{B93BCB6A-E875-4D22-9FCB-0F99F3749365}"
EndProject
Global
	GlobalSection(SolutionConfigurationPlatforms) = preSolution
		Debug|Any CPU = Debug|Any CPU
		Release|Any CPU = Release|Any CPU
	EndGlobalSection
	GlobalSection(ProjectConfigurationPlatforms) = postSolution
		{F9BBBCD4-BA0D-47C8-8493-E85AF30F1E54}.Debug|Any CPU.ActiveCfg = Debug|Any CPU
		{F9BBBCD4-BA0D-47C8-8493-E85AF30F1E54}.Debug|Any CPU.Build.0 = Debug|Any CPU
		{F9BBBCD4-BA0D-47C8-8493-E85AF30F1E54}.Release|Any CPU.ActiveCfg = Release|Any CPU
		{F9BBBCD4-BA0D-47C8-8493-E85AF30F1E54}.Release|Any CPU.Build.0 = Release|Any CPU
		{B6C8C678-429D-437D-8D8D-48B3A52964EA}.Debug|Any CPU.ActiveCfg = Debug|Any CPU
		{B6C8C678-429D-437D-8D8D-48B3A52964EA}.Debug|Any CPU.Build.0 = Debug|Any CPU
		{B6C8C678-429D-437D-8D8D-48B3A52964EA}.Release|Any CPU.ActiveCfg = Release|Any CPU
		{B6C8C678-429D-437D-8D8D-48B3A52964EA}.Release|Any CPU.Build.0 = Release|Any CPU
		{351E1139-3C4F-48EE-B0C3-BEE47BAB2FED}.Debug|Any CPU.ActiveCfg = Debug|Any CPU
		{351E1139-3C4F-48EE-B0C3-BEE47BAB2FED}.Debug|Any CPU.Build.0 = Debug|Any CPU
		{351E1139-3C4F-48EE-B0C3-BEE47BAB2FED}.Release|Any CPU.ActiveCfg = Release|Any CPU
		{351E1139-3C4F-48EE-B0C3-BEE47BAB2FED}.Release|Any CPU.Build.0 = Release|Any CPU
		{9D41E7CB-FE58-4EC1-8579-1A3EC14CAE56}.Debug|Any CPU.ActiveCfg = Debug|Any CPU
		{9D41E7CB-FE58-4EC1-8579-1A3EC14CAE56}.Debug|Any CPU.Build.0 = Debug|Any CPU
		{9D41E7CB-FE58-4EC1-8579-1A3EC14CAE56}.Release|Any CPU.ActiveCfg = Release|Any CPU
		{9D41E7CB-FE58-4EC1-8579-1A3EC14CAE56}.Release|Any CPU.Build.0 = Release|Any CPU
		{B93BCB6A-E875-4D22-9FCB-0F99F3749365}.Debug|Any CPU.ActiveCfg = Debug|Any CPU
		{B93BCB6A-E875-4D22-9FCB-0F99F3749365}.Debug|Any CPU.Build.0 = Debug|Any CPU
		{B93BCB6A-E875-4D22-9FCB-0F99F3749365}.Release|Any CPU.ActiveCfg = Release|Any CPU
		{B93BCB6A-E875-4D22-9FCB-0F99F3749365}.Release|Any CPU.Build.0 = Release|Any CPU
	EndGlobalSection
	GlobalSection(SolutionProperties) = preSolution
		HideSolutionNode = FALSE
	EndGlobalSection
	GlobalSection(ExtensibilityGlobals) = postSolution
		SolutionGuid = {CE8CD092-2226-461A-8DD4-D147E38E116E}
	EndGlobalSection
EndGlobal
